// !$*UTF8*$!
{
	archiveVersion = 1;
	classes = {
	};
	objectVersion = 55;
	objects = {

/* Begin PBXBuildFile section */
		2C4383202AAABAB000F6C85C /* AppDelegate.swift in Sources */ = {isa = PBXBuildFile; fileRef = 2C43831F2AAABAB000F6C85C /* AppDelegate.swift */; };
		2C4383222AAABAB000F6C85C /* ViewController.swift in Sources */ = {isa = PBXBuildFile; fileRef = 2C4383212AAABAB000F6C85C /* ViewController.swift */; };
		2C4383242AAABAB200F6C85C /* Assets.xcassets in Resources */ = {isa = PBXBuildFile; fileRef = 2C4383232AAABAB200F6C85C /* Assets.xcassets */; };
		2C4383272AAABAB200F6C85C /* Main.storyboard in Resources */ = {isa = PBXBuildFile; fileRef = 2C4383252AAABAB200F6C85C /* Main.storyboard */; };
		2C43832F2AAABB6400F6C85C /* Books.plist in Resources */ = {isa = PBXBuildFile; fileRef = 2C43832E2AAABB6400F6C85C /* Books.plist */; };
		2C4383312AAAC2C400F6C85C /* Book.swift in Sources */ = {isa = PBXBuildFile; fileRef = 2C4383302AAAC2C300F6C85C /* Book.swift */; };
		2C4383392AAAC51F00F6C85C /* DLXBookShopDemoTests.swift in Sources */ = {isa = PBXBuildFile; fileRef = 2C4383382AAAC51F00F6C85C /* DLXBookShopDemoTests.swift */; };
		2C4383402AAAC54900F6C85C /* BookTestCase.swift in Sources */ = {isa = PBXBuildFile; fileRef = 2C43833F2AAAC54900F6C85C /* BookTestCase.swift */; };
/* End PBXBuildFile section */

/* Begin PBXContainerItemProxy section */
		2C43833A2AAAC51F00F6C85C /* PBXContainerItemProxy */ = {
			isa = PBXContainerItemProxy;
			containerPortal = 2C4383142AAABAB000F6C85C /* Project object */;
			proxyType = 1;
			remoteGlobalIDString = 2C43831B2AAABAB000F6C85C;
			remoteInfo = DLXBookShopDemo;
		};
/* End PBXContainerItemProxy section */

/* Begin PBXFileReference section */
		2C43831C2AAABAB000F6C85C /* DLXBookShopDemo.app */ = {isa = PBXFileReference; explicitFileType = wrapper.application; includeInIndex = 0; path = DLXBookShopDemo.app; sourceTree = BUILT_PRODUCTS_DIR; };
		2C43831F2AAABAB000F6C85C /* AppDelegate.swift */ = {isa = PBXFileReference; lastKnownFileType = sourcecode.swift; path = AppDelegate.swift; sourceTree = "<group>"; };
		2C4383212AAABAB000F6C85C /* ViewController.swift */ = {isa = PBXFileReference; lastKnownFileType = sourcecode.swift; path = ViewController.swift; sourceTree = "<group>"; };
		2C4383232AAABAB200F6C85C /* Assets.xcassets */ = {isa = PBXFileReference; lastKnownFileType = folder.assetcatalog; path = Assets.xcassets; sourceTree = "<group>"; };
		2C4383262AAABAB200F6C85C /* Base */ = {isa = PBXFileReference; lastKnownFileType = file.storyboard; name = Base; path = Base.lproj/Main.storyboard; sourceTree = "<group>"; };
		2C4383282AAABAB200F6C85C /* DLXBookShopDemo.entitlements */ = {isa = PBXFileReference; lastKnownFileType = text.plist.entitlements; path = DLXBookShopDemo.entitlements; sourceTree = "<group>"; };
		2C43832E2AAABB6400F6C85C /* Books.plist */ = {isa = PBXFileReference; fileEncoding = 4; lastKnownFileType = text.plist.xml; path = Books.plist; sourceTree = "<group>"; };
		2C4383302AAAC2C300F6C85C /* Book.swift */ = {isa = PBXFileReference; lastKnownFileType = sourcecode.swift; path = Book.swift; sourceTree = "<group>"; };
		2C4383362AAAC51F00F6C85C /* DLXBookShopDemoTests.xctest */ = {isa = PBXFileReference; explicitFileType = wrapper.cfbundle; includeInIndex = 0; path = DLXBookShopDemoTests.xctest; sourceTree = BUILT_PRODUCTS_DIR; };
		2C4383382AAAC51F00F6C85C /* DLXBookShopDemoTests.swift */ = {isa = PBXFileReference; lastKnownFileType = sourcecode.swift; path = DLXBookShopDemoTests.swift; sourceTree = "<group>"; };
		2C43833F2AAAC54900F6C85C /* BookTestCase.swift */ = {isa = PBXFileReference; lastKnownFileType = sourcecode.swift; path = BookTestCase.swift; sourceTree = "<group>"; };
/* End PBXFileReference section */

/* Begin PBXFrameworksBuildPhase section */
		2C4383192AAABAB000F6C85C /* Frameworks */ = {
			isa = PBXFrameworksBuildPhase;
			buildActionMask = 2147483647;
			files = (
			);
			runOnlyForDeploymentPostprocessing = 0;
		};
		2C4383332AAAC51F00F6C85C /* Frameworks */ = {
			isa = PBXFrameworksBuildPhase;
			buildActionMask = 2147483647;
			files = (
			);
			runOnlyForDeploymentPostprocessing = 0;
		};
/* End PBXFrameworksBuildPhase section */

/* Begin PBXGroup section */
		2C4383132AAABAB000F6C85C = {
			isa = PBXGroup;
			children = (
				2C43831E2AAABAB000F6C85C /* DLXBookShopDemo */,
				2C4383372AAAC51F00F6C85C /* DLXBookShopDemoTests */,
				2C43831D2AAABAB000F6C85C /* Products */,
			);
			sourceTree = "<group>";
		};
		2C43831D2AAABAB000F6C85C /* Products */ = {
			isa = PBXGroup;
			children = (
				2C43831C2AAABAB000F6C85C /* DLXBookShopDemo.app */,
				2C4383362AAAC51F00F6C85C /* DLXBookShopDemoTests.xctest */,
			);
			name = Products;
			sourceTree = "<group>";
		};
		2C43831E2AAABAB000F6C85C /* DLXBookShopDemo */ = {
			isa = PBXGroup;
			children = (
				2C43831F2AAABAB000F6C85C /* AppDelegate.swift */,
				2C4383212AAABAB000F6C85C /* ViewController.swift */,
				2C4383302AAAC2C300F6C85C /* Book.swift */,
				2C4383232AAABAB200F6C85C /* Assets.xcassets */,
				2C4383252AAABAB200F6C85C /* Main.storyboard */,
				2C4383282AAABAB200F6C85C /* DLXBookShopDemo.entitlements */,
				2C43832E2AAABB6400F6C85C /* Books.plist */,
			);
			path = DLXBookShopDemo;
			sourceTree = "<group>";
		};
		2C4383372AAAC51F00F6C85C /* DLXBookShopDemoTests */ = {
			isa = PBXGroup;
			children = (
				2C4383382AAAC51F00F6C85C /* DLXBookShopDemoTests.swift */,
				2C43833F2AAAC54900F6C85C /* BookTestCase.swift */,
			);
			path = DLXBookShopDemoTests;
			sourceTree = "<group>";
		};
/* End PBXGroup section */

/* Begin PBXNativeTarget section */
		2C43831B2AAABAB000F6C85C /* DLXBookShopDemo */ = {
			isa = PBXNativeTarget;
			buildConfigurationList = 2C43832B2AAABAB200F6C85C /* Build configuration list for PBXNativeTarget "DLXBookShopDemo" */;
			buildPhases = (
				2C4383182AAABAB000F6C85C /* Sources */,
				2C4383192AAABAB000F6C85C /* Frameworks */,
				2C43831A2AAABAB000F6C85C /* Resources */,
			);
			buildRules = (
			);
			dependencies = (
			);
			name = DLXBookShopDemo;
			productName = DLXBookShopDemo;
			productReference = 2C43831C2AAABAB000F6C85C /* DLXBookShopDemo.app */;
			productType = "com.apple.product-type.application";
		};
		2C4383352AAAC51F00F6C85C /* DLXBookShopDemoTests */ = {
			isa = PBXNativeTarget;
			buildConfigurationList = 2C43833C2AAAC51F00F6C85C /* Build configuration list for PBXNativeTarget "DLXBookShopDemoTests" */;
			buildPhases = (
				2C4383322AAAC51F00F6C85C /* Sources */,
				2C4383332AAAC51F00F6C85C /* Frameworks */,
				2C4383342AAAC51F00F6C85C /* Resources */,
			);
			buildRules = (
			);
			dependencies = (
				2C43833B2AAAC51F00F6C85C /* PBXTargetDependency */,
			);
			name = DLXBookShopDemoTests;
			productName = DLXBookShopDemoTests;
			productReference = 2C4383362AAAC51F00F6C85C /* DLXBookShopDemoTests.xctest */;
			productType = "com.apple.product-type.bundle.unit-test";
		};
/* End PBXNativeTarget section */

/* Begin PBXProject section */
		2C4383142AAABAB000F6C85C /* Project object */ = {
			isa = PBXProject;
			attributes = {
				BuildIndependentTargetsInParallel = 1;
				LastSwiftUpdateCheck = 1340;
				LastUpgradeCheck = 1340;
				TargetAttributes = {
					2C43831B2AAABAB000F6C85C = {
						CreatedOnToolsVersion = 13.4.1;
					};
					2C4383352AAAC51F00F6C85C = {
						CreatedOnToolsVersion = 13.4.1;
						TestTargetID = 2C43831B2AAABAB000F6C85C;
					};
				};
			};
			buildConfigurationList = 2C4383172AAABAB000F6C85C /* Build configuration list for PBXProject "DLXBookShopDemo" */;
			compatibilityVersion = "Xcode 13.0";
			developmentRegion = en;
			hasScannedForEncodings = 0;
			knownRegions = (
				en,
				Base,
			);
			mainGroup = 2C4383132AAABAB000F6C85C;
			productRefGroup = 2C43831D2AAABAB000F6C85C /* Products */;
			projectDirPath = "";
			projectRoot = "";
			targets = (
				2C43831B2AAABAB000F6C85C /* DLXBookShopDemo */,
				2C4383352AAAC51F00F6C85C /* DLXBookShopDemoTests */,
			);
		};
/* End PBXProject section */

/* Begin PBXResourcesBuildPhase section */
		2C43831A2AAABAB000F6C85C /* Resources */ = {
			isa = PBXResourcesBuildPhase;
			buildActionMask = 2147483647;
			files = (
				2C43832F2AAABB6400F6C85C /* Books.plist in Resources */,
				2C4383242AAABAB200F6C85C /* Assets.xcassets in Resources */,
				2C4383272AAABAB200F6C85C /* Main.storyboard in Resources */,
			);
			runOnlyForDeploymentPostprocessing = 0;
		};
		2C4383342AAAC51F00F6C85C /* Resources */ = {
			isa = PBXResourcesBuildPhase;
			buildActionMask = 2147483647;
			files = (
			);
			runOnlyForDeploymentPostprocessing = 0;
		};
/* End PBXResourcesBuildPhase section */

/* Begin PBXSourcesBuildPhase section */
		2C4383182AAABAB000F6C85C /* Sources */ = {
			isa = PBXSourcesBuildPhase;
			buildActionMask = 2147483647;
			files = (
				2C4383222AAABAB000F6C85C /* ViewController.swift in Sources */,
				2C4383202AAABAB000F6C85C /* AppDelegate.swift in Sources */,
				2C4383312AAAC2C400F6C85C /* Book.swift in Sources */,
			);
			runOnlyForDeploymentPostprocessing = 0;
		};
		2C4383322AAAC51F00F6C85C /* Sources */ = {
			isa = PBXSourcesBuildPhase;
			buildActionMask = 2147483647;
			files = (
				2C4383402AAAC54900F6C85C /* BookTestCase.swift in Sources */,
				2C4383392AAAC51F00F6C85C /* DLXBookShopDemoTests.swift in Sources */,
			);
			runOnlyForDeploymentPostprocessing = 0;
		};
/* End PBXSourcesBuildPhase section */

/* Begin PBXTargetDependency section */
		2C43833B2AAAC51F00F6C85C /* PBXTargetDependency */ = {
			isa = PBXTargetDependency;
			target = 2C43831B2AAABAB000F6C85C /* DLXBookShopDemo */;
			targetProxy = 2C43833A2AAAC51F00F6C85C /* PBXContainerItemProxy */;
		};
/* End PBXTargetDependency section */

/* Begin PBXVariantGroup section */
		2C4383252AAABAB200F6C85C /* Main.storyboard */ = {
			isa = PBXVariantGroup;
			children = (
				2C4383262AAABAB200F6C85C /* Base */,
			);
			name = Main.storyboard;
			sourceTree = "<group>";
		};
/* End PBXVariantGroup section */

/* Begin XCBuildConfiguration section */
		2C4383292AAABAB200F6C85C /* Debug */ = {
			isa = XCBuildConfiguration;
			buildSettings = {
				ALWAYS_SEARCH_USER_PATHS = NO;
				CLANG_ANALYZER_NONNULL = YES;
				CLANG_ANALYZER_NUMBER_OBJECT_CONVERSION = YES_AGGRESSIVE;
				CLANG_CXX_LANGUAGE_STANDARD = "gnu++17";
				CLANG_ENABLE_MODULES = YES;
				CLANG_ENABLE_OBJC_ARC = YES;
				CLANG_ENABLE_OBJC_WEAK = YES;
				CLANG_WARN_BLOCK_CAPTURE_AUTORELEASING = YES;
				CLANG_WARN_BOOL_CONVERSION = YES;
				CLANG_WARN_COMMA = YES;
				CLANG_WARN_CONSTANT_CONVERSION = YES;
				CLANG_WARN_DEPRECATED_OBJC_IMPLEMENTATIONS = YES;
				CLANG_WARN_DIRECT_OBJC_ISA_USAGE = YES_ERROR;
				CLANG_WARN_DOCUMENTATION_COMMENTS = YES;
				CLANG_WARN_EMPTY_BODY = YES;
				CLANG_WARN_ENUM_CONVERSION = YES;
				CLANG_WARN_INFINITE_RECURSION = YES;
				CLANG_WARN_INT_CONVERSION = YES;
				CLANG_WARN_NON_LITERAL_NULL_CONVERSION = YES;
				CLANG_WARN_OBJC_IMPLICIT_RETAIN_SELF = YES;
				CLANG_WARN_OBJC_LITERAL_CONVERSION = YES;
				CLANG_WARN_OBJC_ROOT_CLASS = YES_ERROR;
				CLANG_WARN_QUOTED_INCLUDE_IN_FRAMEWORK_HEADER = YES;
				CLANG_WARN_RANGE_LOOP_ANALYSIS = YES;
				CLANG_WARN_STRICT_PROTOTYPES = YES;
				CLANG_WARN_SUSPICIOUS_MOVE = YES;
				CLANG_WARN_UNGUARDED_AVAILABILITY = YES_AGGRESSIVE;
				CLANG_WARN_UNREACHABLE_CODE = YES;
				CLANG_WARN__DUPLICATE_METHOD_MATCH = YES;
				COPY_PHASE_STRIP = NO;
				DEBUG_INFORMATION_FORMAT = dwarf;
				ENABLE_STRICT_OBJC_MSGSEND = YES;
				ENABLE_TESTABILITY = YES;
				GCC_C_LANGUAGE_STANDARD = gnu11;
				GCC_DYNAMIC_NO_PIC = NO;
				GCC_NO_COMMON_BLOCKS = YES;
				GCC_OPTIMIZATION_LEVEL = 0;
				GCC_PREPROCESSOR_DEFINITIONS = (
					"DEBUG=1",
					"$(inherited)",
				);
				GCC_WARN_64_TO_32_BIT_CONVERSION = YES;
				GCC_WARN_ABOUT_RETURN_TYPE = YES_ERROR;
				GCC_WARN_UNDECLARED_SELECTOR = YES;
				GCC_WARN_UNINITIALIZED_AUTOS = YES_AGGRESSIVE;
				GCC_WARN_UNUSED_FUNCTION = YES;
				GCC_WARN_UNUSED_VARIABLE = YES;
				MACOSX_DEPLOYMENT_TARGET = 12.3;
				MTL_ENABLE_DEBUG_INFO = INCLUDE_SOURCE;
				MTL_FAST_MATH = YES;
				ONLY_ACTIVE_ARCH = YES;
				SDKROOT = macosx;
				SWIFT_ACTIVE_COMPILATION_CONDITIONS = DEBUG;
				SWIFT_OPTIMIZATION_LEVEL = "-Onone";
			};
			name = Debug;
		};
		2C43832A2AAABAB200F6C85C /* Release */ = {
			isa = XCBuildConfiguration;
			buildSettings = {
				ALWAYS_SEARCH_USER_PATHS = NO;
				CLANG_ANALYZER_NONNULL = YES;
				CLANG_ANALYZER_NUMBER_OBJECT_CONVERSION = YES_AGGRESSIVE;
				CLANG_CXX_LANGUAGE_STANDARD = "gnu++17";
				CLANG_ENABLE_MODULES = YES;
				CLANG_ENABLE_OBJC_ARC = YES;
				CLANG_ENABLE_OBJC_WEAK = YES;
				CLANG_WARN_BLOCK_CAPTURE_AUTORELEASING = YES;
				CLANG_WARN_BOOL_CONVERSION = YES;
				CLANG_WARN_COMMA = YES;
				CLANG_WARN_CONSTANT_CONVERSION = YES;
				CLANG_WARN_DEPRECATED_OBJC_IMPLEMENTATIONS = YES;
				CLANG_WARN_DIRECT_OBJC_ISA_USAGE = YES_ERROR;
				CLANG_WARN_DOCUMENTATION_COMMENTS = YES;
				CLANG_WARN_EMPTY_BODY = YES;
				CLANG_WARN_ENUM_CONVERSION = YES;
				CLANG_WARN_INFINITE_RECURSION = YES;
				CLANG_WARN_INT_CONVERSION = YES;
				CLANG_WARN_NON_LITERAL_NULL_CONVERSION = YES;
				CLANG_WARN_OBJC_IMPLICIT_RETAIN_SELF = YES;
				CLANG_WARN_OBJC_LITERAL_CONVERSION = YES;
				CLANG_WARN_OBJC_ROOT_CLASS = YES_ERROR;
				CLANG_WARN_QUOTED_INCLUDE_IN_FRAMEWORK_HEADER = YES;
				CLANG_WARN_RANGE_LOOP_ANALYSIS = YES;
				CLANG_WARN_STRICT_PROTOTYPES = YES;
				CLANG_WARN_SUSPICIOUS_MOVE = YES;
				CLANG_WARN_UNGUARDED_AVAILABILITY = YES_AGGRESSIVE;
				CLANG_WARN_UNREACHABLE_CODE = YES;
				CLANG_WARN__DUPLICATE_METHOD_MATCH = YES;
				COPY_PHASE_STRIP = NO;
				DEBUG_INFORMATION_FORMAT = "dwarf-with-dsym";
				ENABLE_NS_ASSERTIONS = NO;
				ENABLE_STRICT_OBJC_MSGSEND = YES;
				GCC_C_LANGUAGE_STANDARD = gnu11;
				GCC_NO_COMMON_BLOCKS = YES;
				GCC_WARN_64_TO_32_BIT_CONVERSION = YES;
				GCC_WARN_ABOUT_RETURN_TYPE = YES_ERROR;
				GCC_WARN_UNDECLARED_SELECTOR = YES;
				GCC_WARN_UNINITIALIZED_AUTOS = YES_AGGRESSIVE;
				GCC_WARN_UNUSED_FUNCTION = YES;
				GCC_WARN_UNUSED_VARIABLE = YES;
				MACOSX_DEPLOYMENT_TARGET = 12.3;
				MTL_ENABLE_DEBUG_INFO = NO;
				MTL_FAST_MATH = YES;
				SDKROOT = macosx;
				SWIFT_COMPILATION_MODE = wholemodule;
				SWIFT_OPTIMIZATION_LEVEL = "-O";
			};
			name = Release;
		};
		2C43832C2AAABAB200F6C85C /* Debug */ = {
			isa = XCBuildConfiguration;
			buildSettings = {
				ASSETCATALOG_COMPILER_APPICON_NAME = AppIcon;
				ASSETCATALOG_COMPILER_GLOBAL_ACCENT_COLOR_NAME = AccentColor;
				CODE_SIGN_ENTITLEMENTS = DLXBookShopDemo/DLXBookShopDemo.entitlements;
				CODE_SIGN_STYLE = Automatic;
				COMBINE_HIDPI_IMAGES = YES;
				CURRENT_PROJECT_VERSION = 1;
				DEVELOPMENT_TEAM = 5EKDFU6UFR;
				GENERATE_INFOPLIST_FILE = YES;
				INFOPLIST_KEY_NSHumanReadableCopyright = "";
				INFOPLIST_KEY_NSMainStoryboardFile = Main;
				INFOPLIST_KEY_NSPrincipalClass = NSApplication;
				LD_RUNPATH_SEARCH_PATHS = (
					"$(inherited)",
					"@executable_path/../Frameworks",
				);
				MARKETING_VERSION = 1.0;
				PRODUCT_BUNDLE_IDENTIFIER = lingxiao.DLXBookShopDemo;
				PRODUCT_NAME = "$(TARGET_NAME)";
				SWIFT_EMIT_LOC_STRINGS = YES;
				SWIFT_VERSION = 5.0;
			};
			name = Debug;
		};
		2C43832D2AAABAB200F6C85C /* Release */ = {
			isa = XCBuildConfiguration;
			buildSettings = {
				ASSETCATALOG_COMPILER_APPICON_NAME = AppIcon;
				ASSETCATALOG_COMPILER_GLOBAL_ACCENT_COLOR_NAME = AccentColor;
				CODE_SIGN_ENTITLEMENTS = DLXBookShopDemo/DLXBookShopDemo.entitlements;
				CODE_SIGN_STYLE = Automatic;
				COMBINE_HIDPI_IMAGES = YES;
				CURRENT_PROJECT_VERSION = 1;
				DEVELOPMENT_TEAM = 5EKDFU6UFR;
				GENERATE_INFOPLIST_FILE = YES;
				INFOPLIST_KEY_NSHumanReadableCopyright = "";
				INFOPLIST_KEY_NSMainStoryboardFile = Main;
				INFOPLIST_KEY_NSPrincipalClass = NSApplication;
				LD_RUNPATH_SEARCH_PATHS = (
					"$(inherited)",
					"@executable_path/../Frameworks",
				);
				MARKETING_VERSION = 1.0;
				PRODUCT_BUNDLE_IDENTIFIER = lingxiao.DLXBookShopDemo;
				PRODUCT_NAME = "$(TARGET_NAME)";
				SWIFT_EMIT_LOC_STRINGS = YES;
				SWIFT_VERSION = 5.0;
			};
			name = Release;
		};
		2C43833D2AAAC51F00F6C85C /* Debug */ = {
			isa = XCBuildConfiguration;
			buildSettings = {
				BUNDLE_LOADER = "$(TEST_HOST)";
				CODE_SIGN_STYLE = Automatic;
				CURRENT_PROJECT_VERSION = 1;
				DEVELOPMENT_TEAM = 5EKDFU6UFR;
				GENERATE_INFOPLIST_FILE = YES;
				MARKETING_VERSION = 1.0;
				PRODUCT_BUNDLE_IDENTIFIER = lingxiao.DLXBookShopDemoTests;
				PRODUCT_NAME = "$(TARGET_NAME)";
				SWIFT_EMIT_LOC_STRINGS = NO;
				SWIFT_VERSION = 5.0;
				TEST_HOST = "$(BUILT_PRODUCTS_DIR)/DLXBookShopDemo.app/Contents/MacOS/DLXBookShopDemo";
			};
			name = Debug;
		};
		2C43833E2AAAC51F00F6C85C /* Release */ = {
			isa = XCBuildConfiguration;
			buildSettings = {
				BUNDLE_LOADER = "$(TEST_HOST)";
				CODE_SIGN_STYLE = Automatic;
				CURRENT_PROJECT_VERSION = 1;
				DEVELOPMENT_TEAM = 5EKDFU6UFR;
				GENERATE_INFOPLIST_FILE = YES;
				MARKETING_VERSION = 1.0;
				PRODUCT_BUNDLE_IDENTIFIER = lingxiao.DLXBookShopDemoTests;
				PRODUCT_NAME = "$(TARGET_NAME)";
				SWIFT_EMIT_LOC_STRINGS = NO;
				SWIFT_VERSION = 5.0;
				TEST_HOST = "$(BUILT_PRODUCTS_DIR)/DLXBookShopDemo.app/Contents/MacOS/DLXBookShopDemo";
			};
			name = Release;
		};
/* End XCBuildConfiguration section */

/* Begin XCConfigurationList section */
		2C4383172AAABAB000F6C85C /* Build configuration list for PBXProject "DLXBookShopDemo" */ = {
			isa = XCConfigurationList;
			buildConfigurations = (
				2C4383292AAABAB200F6C85C /* Debug */,
				2C43832A2AAABAB200F6C85C /* Release */,
			);
			defaultConfigurationIsVisible = 0;
			defaultConfigurationName = Release;
		};
		2C43832B2AAABAB200F6C85C /* Build configuration list for PBXNativeTarget "DLXBookShopDemo" */ = {
			isa = XCConfigurationList;
			buildConfigurations = (
				2C43832C2AAABAB200F6C85C /* Debug */,
				2C43832D2AAABAB200F6C85C /* Release */,
			);
			defaultConfigurationIsVisible = 0;
			defaultConfigurationName = Release;
		};
		2C43833C2AAAC51F00F6C85C /* Build configuration list for PBXNativeTarget "DLXBookShopDemoTests" */ = {
			isa = XCConfigurationList;
			buildConfigurations = (
				2C43833D2AAAC51F00F6C85C /* Debug */,
				2C43833E2AAAC51F00F6C85C /* Release */,
			);
			defaultConfigurationIsVisible = 0;
			defaultConfigurationName = Release;
		};
/* End XCConfigurationList section */
	};
	rootObject = 2C4383142AAABAB000F6C85C /* Project object */;
}
