// !$*UTF8*$!
{
	archiveVersion = 1;
	classes = {
	};
	objectVersion = 55;
	objects = {

/* Begin PBXBuildFile section */
		2C4383D52AAAEB5200F6C85C /* LICENSE in Resources */ = {isa = PBXBuildFile; fileRef = 2C4383AD2AAAEB5200F6C85C /* LICENSE */; };
		2C4383D62AAAEB5200F6C85C /* README.md in Resources */ = {isa = PBXBuildFile; fileRef = 2C4383AE2AAAEB5200F6C85C /* README.md */; };
		2C4383D72AAAEB5200F6C85C /* ConstraintMultiplierTarget.swift in Sources */ = {isa = PBXBuildFile; fileRef = 2C4383B02AAAEB5200F6C85C /* ConstraintMultiplierTarget.swift */; };
		2C4383D82AAAEB5200F6C85C /* LayoutConstraintItem.swift in Sources */ = {isa = PBXBuildFile; fileRef = 2C4383B12AAAEB5200F6C85C /* LayoutConstraintItem.swift */; };
		2C4383D92AAAEB5200F6C85C /* ConstraintMakerPrioritizable.swift in Sources */ = {isa = PBXBuildFile; fileRef = 2C4383B22AAAEB5200F6C85C /* ConstraintMakerPrioritizable.swift */; };
		2C4383DA2AAAEB5200F6C85C /* ConstraintDescription.swift in Sources */ = {isa = PBXBuildFile; fileRef = 2C4383B32AAAEB5200F6C85C /* ConstraintDescription.swift */; };
		2C4383DB2AAAEB5200F6C85C /* ConstraintAttributes.swift in Sources */ = {isa = PBXBuildFile; fileRef = 2C4383B42AAAEB5200F6C85C /* ConstraintAttributes.swift */; };
		2C4383DC2AAAEB5200F6C85C /* ConstraintViewDSL.swift in Sources */ = {isa = PBXBuildFile; fileRef = 2C4383B52AAAEB5200F6C85C /* ConstraintViewDSL.swift */; };
		2C4383DD2AAAEB5200F6C85C /* ConstraintPriorityTarget.swift in Sources */ = {isa = PBXBuildFile; fileRef = 2C4383B62AAAEB5200F6C85C /* ConstraintPriorityTarget.swift */; };
		2C4383DE2AAAEB5200F6C85C /* ConstraintInsets.swift in Sources */ = {isa = PBXBuildFile; fileRef = 2C4383B72AAAEB5200F6C85C /* ConstraintInsets.swift */; };
		2C4383DF2AAAEB5200F6C85C /* ConstraintMakerFinalizable.swift in Sources */ = {isa = PBXBuildFile; fileRef = 2C4383B82AAAEB5200F6C85C /* ConstraintMakerFinalizable.swift */; };
		2C4383E02AAAEB5200F6C85C /* ConstraintDSL.swift in Sources */ = {isa = PBXBuildFile; fileRef = 2C4383B92AAAEB5200F6C85C /* ConstraintDSL.swift */; };
		2C4383E12AAAEB5200F6C85C /* ConstraintMakerExtendable.swift in Sources */ = {isa = PBXBuildFile; fileRef = 2C4383BA2AAAEB5200F6C85C /* ConstraintMakerExtendable.swift */; };
		2C4383E22AAAEB5200F6C85C /* ConstraintPriority.swift in Sources */ = {isa = PBXBuildFile; fileRef = 2C4383BB2AAAEB5200F6C85C /* ConstraintPriority.swift */; };
		2C4383E32AAAEB5200F6C85C /* ConstraintInsetTarget.swift in Sources */ = {isa = PBXBuildFile; fileRef = 2C4383BC2AAAEB5200F6C85C /* ConstraintInsetTarget.swift */; };
		2C4383E42AAAEB5200F6C85C /* ConstraintDirectionalInsetTarget.swift in Sources */ = {isa = PBXBuildFile; fileRef = 2C4383BD2AAAEB5200F6C85C /* ConstraintDirectionalInsetTarget.swift */; };
		2C4383E52AAAEB5200F6C85C /* ConstraintMakerRelatable+Extensions.swift in Sources */ = {isa = PBXBuildFile; fileRef = 2C4383BE2AAAEB5200F6C85C /* ConstraintMakerRelatable+Extensions.swift */; };
		2C4383E62AAAEB5200F6C85C /* ConstraintConfig.swift in Sources */ = {isa = PBXBuildFile; fileRef = 2C4383BF2AAAEB5200F6C85C /* ConstraintConfig.swift */; };
		2C4383E72AAAEB5200F6C85C /* UILayoutSupport+Extensions.swift in Sources */ = {isa = PBXBuildFile; fileRef = 2C4383C02AAAEB5200F6C85C /* UILayoutSupport+Extensions.swift */; };
		2C4383E82AAAEB5200F6C85C /* ConstraintView.swift in Sources */ = {isa = PBXBuildFile; fileRef = 2C4383C12AAAEB5200F6C85C /* ConstraintView.swift */; };
		2C4383E92AAAEB5200F6C85C /* ConstraintLayoutGuide.swift in Sources */ = {isa = PBXBuildFile; fileRef = 2C4383C22AAAEB5200F6C85C /* ConstraintLayoutGuide.swift */; };
		2C4383EA2AAAEB5200F6C85C /* ConstraintLayoutSupport.swift in Sources */ = {isa = PBXBuildFile; fileRef = 2C4383C32AAAEB5200F6C85C /* ConstraintLayoutSupport.swift */; };
		2C4383EB2AAAEB5200F6C85C /* Typealiases.swift in Sources */ = {isa = PBXBuildFile; fileRef = 2C4383C42AAAEB5200F6C85C /* Typealiases.swift */; };
		2C4383EC2AAAEB5200F6C85C /* ConstraintConstantTarget.swift in Sources */ = {isa = PBXBuildFile; fileRef = 2C4383C52AAAEB5200F6C85C /* ConstraintConstantTarget.swift */; };
		2C4383ED2AAAEB5200F6C85C /* ConstraintOffsetTarget.swift in Sources */ = {isa = PBXBuildFile; fileRef = 2C4383C62AAAEB5200F6C85C /* ConstraintOffsetTarget.swift */; };
		2C4383EE2AAAEB5200F6C85C /* ConstraintMakerEditable.swift in Sources */ = {isa = PBXBuildFile; fileRef = 2C4383C72AAAEB5200F6C85C /* ConstraintMakerEditable.swift */; };
		2C4383EF2AAAEB5200F6C85C /* ConstraintMaker.swift in Sources */ = {isa = PBXBuildFile; fileRef = 2C4383C82AAAEB5200F6C85C /* ConstraintMaker.swift */; };
		2C4383F02AAAEB5200F6C85C /* ConstraintRelation.swift in Sources */ = {isa = PBXBuildFile; fileRef = 2C4383C92AAAEB5200F6C85C /* ConstraintRelation.swift */; };
		2C4383F12AAAEB5200F6C85C /* ConstraintLayoutGuideDSL.swift in Sources */ = {isa = PBXBuildFile; fileRef = 2C4383CA2AAAEB5200F6C85C /* ConstraintLayoutGuideDSL.swift */; };
		2C4383F22AAAEB5200F6C85C /* ConstraintView+Extensions.swift in Sources */ = {isa = PBXBuildFile; fileRef = 2C4383CB2AAAEB5200F6C85C /* ConstraintView+Extensions.swift */; };
		2C4383F32AAAEB5200F6C85C /* ConstraintItem.swift in Sources */ = {isa = PBXBuildFile; fileRef = 2C4383CC2AAAEB5200F6C85C /* ConstraintItem.swift */; };
		2C4383F42AAAEB5200F6C85C /* Constraint.swift in Sources */ = {isa = PBXBuildFile; fileRef = 2C4383CD2AAAEB5200F6C85C /* Constraint.swift */; };
		2C4383F52AAAEB5200F6C85C /* Debugging.swift in Sources */ = {isa = PBXBuildFile; fileRef = 2C4383CE2AAAEB5200F6C85C /* Debugging.swift */; };
		2C4383F62AAAEB5200F6C85C /* ConstraintRelatableTarget.swift in Sources */ = {isa = PBXBuildFile; fileRef = 2C4383CF2AAAEB5200F6C85C /* ConstraintRelatableTarget.swift */; };
		2C4383F72AAAEB5200F6C85C /* LayoutConstraint.swift in Sources */ = {isa = PBXBuildFile; fileRef = 2C4383D02AAAEB5200F6C85C /* LayoutConstraint.swift */; };
		2C4383F82AAAEB5200F6C85C /* ConstraintLayoutGuide+Extensions.swift in Sources */ = {isa = PBXBuildFile; fileRef = 2C4383D12AAAEB5200F6C85C /* ConstraintLayoutGuide+Extensions.swift */; };
		2C4383F92AAAEB5200F6C85C /* ConstraintDirectionalInsets.swift in Sources */ = {isa = PBXBuildFile; fileRef = 2C4383D22AAAEB5200F6C85C /* ConstraintDirectionalInsets.swift */; };
		2C4383FA2AAAEB5200F6C85C /* ConstraintLayoutSupportDSL.swift in Sources */ = {isa = PBXBuildFile; fileRef = 2C4383D32AAAEB5200F6C85C /* ConstraintLayoutSupportDSL.swift */; };
		2C4383FB2AAAEB5200F6C85C /* ConstraintMakerRelatable.swift in Sources */ = {isa = PBXBuildFile; fileRef = 2C4383D42AAAEB5200F6C85C /* ConstraintMakerRelatable.swift */; };
		2C547F182AA86624004A8C5B /* AppDelegate.swift in Sources */ = {isa = PBXBuildFile; fileRef = 2C547F172AA86624004A8C5B /* AppDelegate.swift */; };
		2C547F1A2AA86624004A8C5B /* ViewController.swift in Sources */ = {isa = PBXBuildFile; fileRef = 2C547F192AA86624004A8C5B /* ViewController.swift */; };
		2C547F1C2AA86626004A8C5B /* Assets.xcassets in Resources */ = {isa = PBXBuildFile; fileRef = 2C547F1B2AA86626004A8C5B /* Assets.xcassets */; };
		2C547F1F2AA86626004A8C5B /* Main.storyboard in Resources */ = {isa = PBXBuildFile; fileRef = 2C547F1D2AA86626004A8C5B /* Main.storyboard */; };
/* End PBXBuildFile section */

/* Begin PBXFileReference section */
		2C4383AD2AAAEB5200F6C85C /* LICENSE */ = {isa = PBXFileReference; fileEncoding = 4; lastKnownFileType = text; path = LICENSE; sourceTree = "<group>"; };
		2C4383AE2AAAEB5200F6C85C /* README.md */ = {isa = PBXFileReference; fileEncoding = 4; lastKnownFileType = net.daringfireball.markdown; path = README.md; sourceTree = "<group>"; };
		2C4383B02AAAEB5200F6C85C /* ConstraintMultiplierTarget.swift */ = {isa = PBXFileReference; fileEncoding = 4; lastKnownFileType = sourcecode.swift; path = ConstraintMultiplierTarget.swift; sourceTree = "<group>"; };
		2C4383B12AAAEB5200F6C85C /* LayoutConstraintItem.swift */ = {isa = PBXFileReference; fileEncoding = 4; lastKnownFileType = sourcecode.swift; path = LayoutConstraintItem.swift; sourceTree = "<group>"; };
		2C4383B22AAAEB5200F6C85C /* ConstraintMakerPrioritizable.swift */ = {isa = PBXFileReference; fileEncoding = 4; lastKnownFileType = sourcecode.swift; path = ConstraintMakerPrioritizable.swift; sourceTree = "<group>"; };
		2C4383B32AAAEB5200F6C85C /* ConstraintDescription.swift */ = {isa = PBXFileReference; fileEncoding = 4; lastKnownFileType = sourcecode.swift; path = ConstraintDescription.swift; sourceTree = "<group>"; };
		2C4383B42AAAEB5200F6C85C /* ConstraintAttributes.swift */ = {isa = PBXFileReference; fileEncoding = 4; lastKnownFileType = sourcecode.swift; path = ConstraintAttributes.swift; sourceTree = "<group>"; };
		2C4383B52AAAEB5200F6C85C /* ConstraintViewDSL.swift */ = {isa = PBXFileReference; fileEncoding = 4; lastKnownFileType = sourcecode.swift; path = ConstraintViewDSL.swift; sourceTree = "<group>"; };
		2C4383B62AAAEB5200F6C85C /* ConstraintPriorityTarget.swift */ = {isa = PBXFileReference; fileEncoding = 4; lastKnownFileType = sourcecode.swift; path = ConstraintPriorityTarget.swift; sourceTree = "<group>"; };
		2C4383B72AAAEB5200F6C85C /* ConstraintInsets.swift */ = {isa = PBXFileReference; fileEncoding = 4; lastKnownFileType = sourcecode.swift; path = ConstraintInsets.swift; sourceTree = "<group>"; };
		2C4383B82AAAEB5200F6C85C /* ConstraintMakerFinalizable.swift */ = {isa = PBXFileReference; fileEncoding = 4; lastKnownFileType = sourcecode.swift; path = ConstraintMakerFinalizable.swift; sourceTree = "<group>"; };
		2C4383B92AAAEB5200F6C85C /* ConstraintDSL.swift */ = {isa = PBXFileReference; fileEncoding = 4; lastKnownFileType = sourcecode.swift; path = ConstraintDSL.swift; sourceTree = "<group>"; };
		2C4383BA2AAAEB5200F6C85C /* ConstraintMakerExtendable.swift */ = {isa = PBXFileReference; fileEncoding = 4; lastKnownFileType = sourcecode.swift; path = ConstraintMakerExtendable.swift; sourceTree = "<group>"; };
		2C4383BB2AAAEB5200F6C85C /* ConstraintPriority.swift */ = {isa = PBXFileReference; fileEncoding = 4; lastKnownFileType = sourcecode.swift; path = ConstraintPriority.swift; sourceTree = "<group>"; };
		2C4383BC2AAAEB5200F6C85C /* ConstraintInsetTarget.swift */ = {isa = PBXFileReference; fileEncoding = 4; lastKnownFileType = sourcecode.swift; path = ConstraintInsetTarget.swift; sourceTree = "<group>"; };
		2C4383BD2AAAEB5200F6C85C /* ConstraintDirectionalInsetTarget.swift */ = {isa = PBXFileReference; fileEncoding = 4; lastKnownFileType = sourcecode.swift; path = ConstraintDirectionalInsetTarget.swift; sourceTree = "<group>"; };
		2C4383BE2AAAEB5200F6C85C /* ConstraintMakerRelatable+Extensions.swift */ = {isa = PBXFileReference; fileEncoding = 4; lastKnownFileType = sourcecode.swift; path = "ConstraintMakerRelatable+Extensions.swift"; sourceTree = "<group>"; };
		2C4383BF2AAAEB5200F6C85C /* ConstraintConfig.swift */ = {isa = PBXFileReference; fileEncoding = 4; lastKnownFileType = sourcecode.swift; path = ConstraintConfig.swift; sourceTree = "<group>"; };
		2C4383C02AAAEB5200F6C85C /* UILayoutSupport+Extensions.swift */ = {isa = PBXFileReference; fileEncoding = 4; lastKnownFileType = sourcecode.swift; path = "UILayoutSupport+Extensions.swift"; sourceTree = "<group>"; };
		2C4383C12AAAEB5200F6C85C /* ConstraintView.swift */ = {isa = PBXFileReference; fileEncoding = 4; lastKnownFileType = sourcecode.swift; path = ConstraintView.swift; sourceTree = "<group>"; };
		2C4383C22AAAEB5200F6C85C /* ConstraintLayoutGuide.swift */ = {isa = PBXFileReference; fileEncoding = 4; lastKnownFileType = sourcecode.swift; path = ConstraintLayoutGuide.swift; sourceTree = "<group>"; };
		2C4383C32AAAEB5200F6C85C /* ConstraintLayoutSupport.swift */ = {isa = PBXFileReference; fileEncoding = 4; lastKnownFileType = sourcecode.swift; path = ConstraintLayoutSupport.swift; sourceTree = "<group>"; };
		2C4383C42AAAEB5200F6C85C /* Typealiases.swift */ = {isa = PBXFileReference; fileEncoding = 4; lastKnownFileType = sourcecode.swift; path = Typealiases.swift; sourceTree = "<group>"; };
		2C4383C52AAAEB5200F6C85C /* ConstraintConstantTarget.swift */ = {isa = PBXFileReference; fileEncoding = 4; lastKnownFileType = sourcecode.swift; path = ConstraintConstantTarget.swift; sourceTree = "<group>"; };
		2C4383C62AAAEB5200F6C85C /* ConstraintOffsetTarget.swift */ = {isa = PBXFileReference; fileEncoding = 4; lastKnownFileType = sourcecode.swift; path = ConstraintOffsetTarget.swift; sourceTree = "<group>"; };
		2C4383C72AAAEB5200F6C85C /* ConstraintMakerEditable.swift */ = {isa = PBXFileReference; fileEncoding = 4; lastKnownFileType = sourcecode.swift; path = ConstraintMakerEditable.swift; sourceTree = "<group>"; };
		2C4383C82AAAEB5200F6C85C /* ConstraintMaker.swift */ = {isa = PBXFileReference; fileEncoding = 4; lastKnownFileType = sourcecode.swift; path = ConstraintMaker.swift; sourceTree = "<group>"; };
		2C4383C92AAAEB5200F6C85C /* ConstraintRelation.swift */ = {isa = PBXFileReference; fileEncoding = 4; lastKnownFileType = sourcecode.swift; path = ConstraintRelation.swift; sourceTree = "<group>"; };
		2C4383CA2AAAEB5200F6C85C /* ConstraintLayoutGuideDSL.swift */ = {isa = PBXFileReference; fileEncoding = 4; lastKnownFileType = sourcecode.swift; path = ConstraintLayoutGuideDSL.swift; sourceTree = "<group>"; };
		2C4383CB2AAAEB5200F6C85C /* ConstraintView+Extensions.swift */ = {isa = PBXFileReference; fileEncoding = 4; lastKnownFileType = sourcecode.swift; path = "ConstraintView+Extensions.swift"; sourceTree = "<group>"; };
		2C4383CC2AAAEB5200F6C85C /* ConstraintItem.swift */ = {isa = PBXFileReference; fileEncoding = 4; lastKnownFileType = sourcecode.swift; path = ConstraintItem.swift; sourceTree = "<group>"; };
		2C4383CD2AAAEB5200F6C85C /* Constraint.swift */ = {isa = PBXFileReference; fileEncoding = 4; lastKnownFileType = sourcecode.swift; path = Constraint.swift; sourceTree = "<group>"; };
		2C4383CE2AAAEB5200F6C85C /* Debugging.swift */ = {isa = PBXFileReference; fileEncoding = 4; lastKnownFileType = sourcecode.swift; path = Debugging.swift; sourceTree = "<group>"; };
		2C4383CF2AAAEB5200F6C85C /* ConstraintRelatableTarget.swift */ = {isa = PBXFileReference; fileEncoding = 4; lastKnownFileType = sourcecode.swift; path = ConstraintRelatableTarget.swift; sourceTree = "<group>"; };
		2C4383D02AAAEB5200F6C85C /* LayoutConstraint.swift */ = {isa = PBXFileReference; fileEncoding = 4; lastKnownFileType = sourcecode.swift; path = LayoutConstraint.swift; sourceTree = "<group>"; };
		2C4383D12AAAEB5200F6C85C /* ConstraintLayoutGuide+Extensions.swift */ = {isa = PBXFileReference; fileEncoding = 4; lastKnownFileType = sourcecode.swift; path = "ConstraintLayoutGuide+Extensions.swift"; sourceTree = "<group>"; };
		2C4383D22AAAEB5200F6C85C /* ConstraintDirectionalInsets.swift */ = {isa = PBXFileReference; fileEncoding = 4; lastKnownFileType = sourcecode.swift; path = ConstraintDirectionalInsets.swift; sourceTree = "<group>"; };
		2C4383D32AAAEB5200F6C85C /* ConstraintLayoutSupportDSL.swift */ = {isa = PBXFileReference; fileEncoding = 4; lastKnownFileType = sourcecode.swift; path = ConstraintLayoutSupportDSL.swift; sourceTree = "<group>"; };
		2C4383D42AAAEB5200F6C85C /* ConstraintMakerRelatable.swift */ = {isa = PBXFileReference; fileEncoding = 4; lastKnownFileType = sourcecode.swift; path = ConstraintMakerRelatable.swift; sourceTree = "<group>"; };
		2C4383FC2AAAEDC100F6C85C /* NSScrollView.md */ = {isa = PBXFileReference; lastKnownFileType = net.daringfireball.markdown; path = NSScrollView.md; sourceTree = "<group>"; };
		2C547F142AA86624004A8C5B /* 05-ScrollView.app */ = {isa = PBXFileReference; explicitFileType = wrapper.application; includeInIndex = 0; path = "05-ScrollView.app"; sourceTree = BUILT_PRODUCTS_DIR; };
		2C547F172AA86624004A8C5B /* AppDelegate.swift */ = {isa = PBXFileReference; lastKnownFileType = sourcecode.swift; path = AppDelegate.swift; sourceTree = "<group>"; };
		2C547F192AA86624004A8C5B /* ViewController.swift */ = {isa = PBXFileReference; lastKnownFileType = sourcecode.swift; path = ViewController.swift; sourceTree = "<group>"; };
		2C547F1B2AA86626004A8C5B /* Assets.xcassets */ = {isa = PBXFileReference; lastKnownFileType = folder.assetcatalog; path = Assets.xcassets; sourceTree = "<group>"; };
		2C547F1E2AA86626004A8C5B /* Base */ = {isa = PBXFileReference; lastKnownFileType = file.storyboard; name = Base; path = Base.lproj/Main.storyboard; sourceTree = "<group>"; };
		2C547F202AA86626004A8C5B /* _5_ScrollView.entitlements */ = {isa = PBXFileReference; lastKnownFileType = text.plist.entitlements; path = _5_ScrollView.entitlements; sourceTree = "<group>"; };
/* End PBXFileReference section */

/* Begin PBXFrameworksBuildPhase section */
		2C547F112AA86624004A8C5B /* Frameworks */ = {
			isa = PBXFrameworksBuildPhase;
			buildActionMask = 2147483647;
			files = (
			);
			runOnlyForDeploymentPostprocessing = 0;
		};
/* End PBXFrameworksBuildPhase section */

/* Begin PBXGroup section */
		2C4383AC2AAAEB5200F6C85C /* SnapKit */ = {
			isa = PBXGroup;
			children = (
				2C4383AD2AAAEB5200F6C85C /* LICENSE */,
				2C4383AE2AAAEB5200F6C85C /* README.md */,
				2C4383AF2AAAEB5200F6C85C /* Sources */,
			);
			path = SnapKit;
			sourceTree = "<group>";
		};
		2C4383AF2AAAEB5200F6C85C /* Sources */ = {
			isa = PBXGroup;
			children = (
				2C4383B02AAAEB5200F6C85C /* ConstraintMultiplierTarget.swift */,
				2C4383B12AAAEB5200F6C85C /* LayoutConstraintItem.swift */,
				2C4383B22AAAEB5200F6C85C /* ConstraintMakerPrioritizable.swift */,
				2C4383B32AAAEB5200F6C85C /* ConstraintDescription.swift */,
				2C4383B42AAAEB5200F6C85C /* ConstraintAttributes.swift */,
				2C4383B52AAAEB5200F6C85C /* ConstraintViewDSL.swift */,
				2C4383B62AAAEB5200F6C85C /* ConstraintPriorityTarget.swift */,
				2C4383B72AAAEB5200F6C85C /* ConstraintInsets.swift */,
				2C4383B82AAAEB5200F6C85C /* ConstraintMakerFinalizable.swift */,
				2C4383B92AAAEB5200F6C85C /* ConstraintDSL.swift */,
				2C4383BA2AAAEB5200F6C85C /* ConstraintMakerExtendable.swift */,
				2C4383BB2AAAEB5200F6C85C /* ConstraintPriority.swift */,
				2C4383BC2AAAEB5200F6C85C /* ConstraintInsetTarget.swift */,
				2C4383BD2AAAEB5200F6C85C /* ConstraintDirectionalInsetTarget.swift */,
				2C4383BE2AAAEB5200F6C85C /* ConstraintMakerRelatable+Extensions.swift */,
				2C4383BF2AAAEB5200F6C85C /* ConstraintConfig.swift */,
				2C4383C02AAAEB5200F6C85C /* UILayoutSupport+Extensions.swift */,
				2C4383C12AAAEB5200F6C85C /* ConstraintView.swift */,
				2C4383C22AAAEB5200F6C85C /* ConstraintLayoutGuide.swift */,
				2C4383C32AAAEB5200F6C85C /* ConstraintLayoutSupport.swift */,
				2C4383C42AAAEB5200F6C85C /* Typealiases.swift */,
				2C4383C52AAAEB5200F6C85C /* ConstraintConstantTarget.swift */,
				2C4383C62AAAEB5200F6C85C /* ConstraintOffsetTarget.swift */,
				2C4383C72AAAEB5200F6C85C /* ConstraintMakerEditable.swift */,
				2C4383C82AAAEB5200F6C85C /* ConstraintMaker.swift */,
				2C4383C92AAAEB5200F6C85C /* ConstraintRelation.swift */,
				2C4383CA2AAAEB5200F6C85C /* ConstraintLayoutGuideDSL.swift */,
				2C4383CB2AAAEB5200F6C85C /* ConstraintView+Extensions.swift */,
				2C4383CC2AAAEB5200F6C85C /* ConstraintItem.swift */,
				2C4383CD2AAAEB5200F6C85C /* Constraint.swift */,
				2C4383CE2AAAEB5200F6C85C /* Debugging.swift */,
				2C4383CF2AAAEB5200F6C85C /* ConstraintRelatableTarget.swift */,
				2C4383D02AAAEB5200F6C85C /* LayoutConstraint.swift */,
				2C4383D12AAAEB5200F6C85C /* ConstraintLayoutGuide+Extensions.swift */,
				2C4383D22AAAEB5200F6C85C /* ConstraintDirectionalInsets.swift */,
				2C4383D32AAAEB5200F6C85C /* ConstraintLayoutSupportDSL.swift */,
				2C4383D42AAAEB5200F6C85C /* ConstraintMakerRelatable.swift */,
			);
			path = Sources;
			sourceTree = "<group>";
		};
		2C547F0B2AA86624004A8C5B = {
			isa = PBXGroup;
			children = (
				2C547F162AA86624004A8C5B /* 05-ScrollView */,
				2C547F152AA86624004A8C5B /* Products */,
			);
			sourceTree = "<group>";
		};
		2C547F152AA86624004A8C5B /* Products */ = {
			isa = PBXGroup;
			children = (
				2C547F142AA86624004A8C5B /* 05-ScrollView.app */,
			);
			name = Products;
			sourceTree = "<group>";
		};
		2C547F162AA86624004A8C5B /* 05-ScrollView */ = {
			isa = PBXGroup;
			children = (
				2C547F172AA86624004A8C5B /* AppDelegate.swift */,
				2C547F192AA86624004A8C5B /* ViewController.swift */,
				2C4383FC2AAAEDC100F6C85C /* NSScrollView.md */,
				2C4383AC2AAAEB5200F6C85C /* SnapKit */,
				2C547F1B2AA86626004A8C5B /* Assets.xcassets */,
				2C547F1D2AA86626004A8C5B /* Main.storyboard */,
				2C547F202AA86626004A8C5B /* _5_ScrollView.entitlements */,
			);
			path = "05-ScrollView";
			sourceTree = "<group>";
		};
/* End PBXGroup section */

/* Begin PBXNativeTarget section */
		2C547F132AA86624004A8C5B /* 05-ScrollView */ = {
			isa = PBXNativeTarget;
			buildConfigurationList = 2C547F232AA86626004A8C5B /* Build configuration list for PBXNativeTarget "05-ScrollView" */;
			buildPhases = (
				2C547F102AA86624004A8C5B /* Sources */,
				2C547F112AA86624004A8C5B /* Frameworks */,
				2C547F122AA86624004A8C5B /* Resources */,
			);
			buildRules = (
			);
			dependencies = (
			);
			name = "05-ScrollView";
			productName = "05-ScrollView";
			productReference = 2C547F142AA86624004A8C5B /* 05-ScrollView.app */;
			productType = "com.apple.product-type.application";
		};
/* End PBXNativeTarget section */

/* Begin PBXProject section */
		2C547F0C2AA86624004A8C5B /* Project object */ = {
			isa = PBXProject;
			attributes = {
				BuildIndependentTargetsInParallel = 1;
				LastSwiftUpdateCheck = 1340;
				LastUpgradeCheck = 1340;
				TargetAttributes = {
					2C547F132AA86624004A8C5B = {
						CreatedOnToolsVersion = 13.4.1;
					};
				};
			};
			buildConfigurationList = 2C547F0F2AA86624004A8C5B /* Build configuration list for PBXProject "05-ScrollView" */;
			compatibilityVersion = "Xcode 13.0";
			developmentRegion = en;
			hasScannedForEncodings = 0;
			knownRegions = (
				en,
				Base,
			);
			mainGroup = 2C547F0B2AA86624004A8C5B;
			productRefGroup = 2C547F152AA86624004A8C5B /* Products */;
			projectDirPath = "";
			projectRoot = "";
			targets = (
				2C547F132AA86624004A8C5B /* 05-ScrollView */,
			);
		};
/* End PBXProject section */

/* Begin PBXResourcesBuildPhase section */
		2C547F122AA86624004A8C5B /* Resources */ = {
			isa = PBXResourcesBuildPhase;
			buildActionMask = 2147483647;
			files = (
				2C4383D52AAAEB5200F6C85C /* LICENSE in Resources */,
				2C547F1C2AA86626004A8C5B /* Assets.xcassets in Resources */,
				2C4383D62AAAEB5200F6C85C /* README.md in Resources */,
				2C547F1F2AA86626004A8C5B /* Main.storyboard in Resources */,
			);
			runOnlyForDeploymentPostprocessing = 0;
		};
/* End PBXResourcesBuildPhase section */

/* Begin PBXSourcesBuildPhase section */
		2C547F102AA86624004A8C5B /* Sources */ = {
			isa = PBXSourcesBuildPhase;
			buildActionMask = 2147483647;
			files = (
				2C4383D72AAAEB5200F6C85C /* ConstraintMultiplierTarget.swift in Sources */,
				2C4383E52AAAEB5200F6C85C /* ConstraintMakerRelatable+Extensions.swift in Sources */,
				2C4383EF2AAAEB5200F6C85C /* ConstraintMaker.swift in Sources */,
				2C547F1A2AA86624004A8C5B /* ViewController.swift in Sources */,
				2C4383F52AAAEB5200F6C85C /* Debugging.swift in Sources */,
				2C4383F72AAAEB5200F6C85C /* LayoutConstraint.swift in Sources */,
				2C4383EB2AAAEB5200F6C85C /* Typealiases.swift in Sources */,
				2C4383F22AAAEB5200F6C85C /* ConstraintView+Extensions.swift in Sources */,
				2C4383E02AAAEB5200F6C85C /* ConstraintDSL.swift in Sources */,
				2C4383F32AAAEB5200F6C85C /* ConstraintItem.swift in Sources */,
				2C4383ED2AAAEB5200F6C85C /* ConstraintOffsetTarget.swift in Sources */,
				2C4383FB2AAAEB5200F6C85C /* ConstraintMakerRelatable.swift in Sources */,
				2C4383E62AAAEB5200F6C85C /* ConstraintConfig.swift in Sources */,
				2C4383DB2AAAEB5200F6C85C /* ConstraintAttributes.swift in Sources */,
				2C4383F12AAAEB5200F6C85C /* ConstraintLayoutGuideDSL.swift in Sources */,
				2C4383E92AAAEB5200F6C85C /* ConstraintLayoutGuide.swift in Sources */,
				2C4383F02AAAEB5200F6C85C /* ConstraintRelation.swift in Sources */,
				2C4383E32AAAEB5200F6C85C /* ConstraintInsetTarget.swift in Sources */,
				2C4383D92AAAEB5200F6C85C /* ConstraintMakerPrioritizable.swift in Sources */,
				2C4383F92AAAEB5200F6C85C /* ConstraintDirectionalInsets.swift in Sources */,
				2C4383F42AAAEB5200F6C85C /* Constraint.swift in Sources */,
				2C4383F62AAAEB5200F6C85C /* ConstraintRelatableTarget.swift in Sources */,
				2C4383DF2AAAEB5200F6C85C /* ConstraintMakerFinalizable.swift in Sources */,
				2C547F182AA86624004A8C5B /* AppDelegate.swift in Sources */,
				2C4383DC2AAAEB5200F6C85C /* ConstraintViewDSL.swift in Sources */,
				2C4383E22AAAEB5200F6C85C /* ConstraintPriority.swift in Sources */,
				2C4383EE2AAAEB5200F6C85C /* ConstraintMakerEditable.swift in Sources */,
				2C4383F82AAAEB5200F6C85C /* ConstraintLayoutGuide+Extensions.swift in Sources */,
				2C4383D82AAAEB5200F6C85C /* LayoutConstraintItem.swift in Sources */,
				2C4383EC2AAAEB5200F6C85C /* ConstraintConstantTarget.swift in Sources */,
				2C4383DD2AAAEB5200F6C85C /* ConstraintPriorityTarget.swift in Sources */,
				2C4383DE2AAAEB5200F6C85C /* ConstraintInsets.swift in Sources */,
				2C4383E82AAAEB5200F6C85C /* ConstraintView.swift in Sources */,
				2C4383DA2AAAEB5200F6C85C /* ConstraintDescription.swift in Sources */,
				2C4383E72AAAEB5200F6C85C /* UILayoutSupport+Extensions.swift in Sources */,
				2C4383FA2AAAEB5200F6C85C /* ConstraintLayoutSupportDSL.swift in Sources */,
				2C4383E42AAAEB5200F6C85C /* ConstraintDirectionalInsetTarget.swift in Sources */,
				2C4383EA2AAAEB5200F6C85C /* ConstraintLayoutSupport.swift in Sources */,
				2C4383E12AAAEB5200F6C85C /* ConstraintMakerExtendable.swift in Sources */,
			);
			runOnlyForDeploymentPostprocessing = 0;
		};
/* End PBXSourcesBuildPhase section */

/* Begin PBXVariantGroup section */
		2C547F1D2AA86626004A8C5B /* Main.storyboard */ = {
			isa = PBXVariantGroup;
			children = (
				2C547F1E2AA86626004A8C5B /* Base */,
			);
			name = Main.storyboard;
			sourceTree = "<group>";
		};
/* End PBXVariantGroup section */

/* Begin XCBuildConfiguration section */
		2C547F212AA86626004A8C5B /* Debug */ = {
			isa = XCBuildConfiguration;
			buildSettings = {
				ALWAYS_SEARCH_USER_PATHS = NO;
				CLANG_ANALYZER_NONNULL = YES;
				CLANG_ANALYZER_NUMBER_OBJECT_CONVERSION = YES_AGGRESSIVE;
				CLANG_CXX_LANGUAGE_STANDARD = "gnu++17";
				CLANG_ENABLE_MODULES = YES;
				CLANG_ENABLE_OBJC_ARC = YES;
				CLANG_ENABLE_OBJC_WEAK = YES;
				CLANG_WARN_BLOCK_CAPTURE_AUTORELEASING = YES;
				CLANG_WARN_BOOL_CONVERSION = YES;
				CLANG_WARN_COMMA = YES;
				CLANG_WARN_CONSTANT_CONVERSION = YES;
				CLANG_WARN_DEPRECATED_OBJC_IMPLEMENTATIONS = YES;
				CLANG_WARN_DIRECT_OBJC_ISA_USAGE = YES_ERROR;
				CLANG_WARN_DOCUMENTATION_COMMENTS = YES;
				CLANG_WARN_EMPTY_BODY = YES;
				CLANG_WARN_ENUM_CONVERSION = YES;
				CLANG_WARN_INFINITE_RECURSION = YES;
				CLANG_WARN_INT_CONVERSION = YES;
				CLANG_WARN_NON_LITERAL_NULL_CONVERSION = YES;
				CLANG_WARN_OBJC_IMPLICIT_RETAIN_SELF = YES;
				CLANG_WARN_OBJC_LITERAL_CONVERSION = YES;
				CLANG_WARN_OBJC_ROOT_CLASS = YES_ERROR;
				CLANG_WARN_QUOTED_INCLUDE_IN_FRAMEWORK_HEADER = YES;
				CLANG_WARN_RANGE_LOOP_ANALYSIS = YES;
				CLANG_WARN_STRICT_PROTOTYPES = YES;
				CLANG_WARN_SUSPICIOUS_MOVE = YES;
				CLANG_WARN_UNGUARDED_AVAILABILITY = YES_AGGRESSIVE;
				CLANG_WARN_UNREACHABLE_CODE = YES;
				CLANG_WARN__DUPLICATE_METHOD_MATCH = YES;
				COPY_PHASE_STRIP = NO;
				DEBUG_INFORMATION_FORMAT = dwarf;
				ENABLE_STRICT_OBJC_MSGSEND = YES;
				ENABLE_TESTABILITY = YES;
				GCC_C_LANGUAGE_STANDARD = gnu11;
				GCC_DYNAMIC_NO_PIC = NO;
				GCC_NO_COMMON_BLOCKS = YES;
				GCC_OPTIMIZATION_LEVEL = 0;
				GCC_PREPROCESSOR_DEFINITIONS = (
					"DEBUG=1",
					"$(inherited)",
				);
				GCC_WARN_64_TO_32_BIT_CONVERSION = YES;
				GCC_WARN_ABOUT_RETURN_TYPE = YES_ERROR;
				GCC_WARN_UNDECLARED_SELECTOR = YES;
				GCC_WARN_UNINITIALIZED_AUTOS = YES_AGGRESSIVE;
				GCC_WARN_UNUSED_FUNCTION = YES;
				GCC_WARN_UNUSED_VARIABLE = YES;
				MACOSX_DEPLOYMENT_TARGET = 12.3;
				MTL_ENABLE_DEBUG_INFO = INCLUDE_SOURCE;
				MTL_FAST_MATH = YES;
				ONLY_ACTIVE_ARCH = YES;
				SDKROOT = macosx;
				SWIFT_ACTIVE_COMPILATION_CONDITIONS = DEBUG;
				SWIFT_OPTIMIZATION_LEVEL = "-Onone";
			};
			name = Debug;
		};
		2C547F222AA86626004A8C5B /* Release */ = {
			isa = XCBuildConfiguration;
			buildSettings = {
				ALWAYS_SEARCH_USER_PATHS = NO;
				CLANG_ANALYZER_NONNULL = YES;
				CLANG_ANALYZER_NUMBER_OBJECT_CONVERSION = YES_AGGRESSIVE;
				CLANG_CXX_LANGUAGE_STANDARD = "gnu++17";
				CLANG_ENABLE_MODULES = YES;
				CLANG_ENABLE_OBJC_ARC = YES;
				CLANG_ENABLE_OBJC_WEAK = YES;
				CLANG_WARN_BLOCK_CAPTURE_AUTORELEASING = YES;
				CLANG_WARN_BOOL_CONVERSION = YES;
				CLANG_WARN_COMMA = YES;
				CLANG_WARN_CONSTANT_CONVERSION = YES;
				CLANG_WARN_DEPRECATED_OBJC_IMPLEMENTATIONS = YES;
				CLANG_WARN_DIRECT_OBJC_ISA_USAGE = YES_ERROR;
				CLANG_WARN_DOCUMENTATION_COMMENTS = YES;
				CLANG_WARN_EMPTY_BODY = YES;
				CLANG_WARN_ENUM_CONVERSION = YES;
				CLANG_WARN_INFINITE_RECURSION = YES;
				CLANG_WARN_INT_CONVERSION = YES;
				CLANG_WARN_NON_LITERAL_NULL_CONVERSION = YES;
				CLANG_WARN_OBJC_IMPLICIT_RETAIN_SELF = YES;
				CLANG_WARN_OBJC_LITERAL_CONVERSION = YES;
				CLANG_WARN_OBJC_ROOT_CLASS = YES_ERROR;
				CLANG_WARN_QUOTED_INCLUDE_IN_FRAMEWORK_HEADER = YES;
				CLANG_WARN_RANGE_LOOP_ANALYSIS = YES;
				CLANG_WARN_STRICT_PROTOTYPES = YES;
				CLANG_WARN_SUSPICIOUS_MOVE = YES;
				CLANG_WARN_UNGUARDED_AVAILABILITY = YES_AGGRESSIVE;
				CLANG_WARN_UNREACHABLE_CODE = YES;
				CLANG_WARN__DUPLICATE_METHOD_MATCH = YES;
				COPY_PHASE_STRIP = NO;
				DEBUG_INFORMATION_FORMAT = "dwarf-with-dsym";
				ENABLE_NS_ASSERTIONS = NO;
				ENABLE_STRICT_OBJC_MSGSEND = YES;
				GCC_C_LANGUAGE_STANDARD = gnu11;
				GCC_NO_COMMON_BLOCKS = YES;
				GCC_WARN_64_TO_32_BIT_CONVERSION = YES;
				GCC_WARN_ABOUT_RETURN_TYPE = YES_ERROR;
				GCC_WARN_UNDECLARED_SELECTOR = YES;
				GCC_WARN_UNINITIALIZED_AUTOS = YES_AGGRESSIVE;
				GCC_WARN_UNUSED_FUNCTION = YES;
				GCC_WARN_UNUSED_VARIABLE = YES;
				MACOSX_DEPLOYMENT_TARGET = 12.3;
				MTL_ENABLE_DEBUG_INFO = NO;
				MTL_FAST_MATH = YES;
				SDKROOT = macosx;
				SWIFT_COMPILATION_MODE = wholemodule;
				SWIFT_OPTIMIZATION_LEVEL = "-O";
			};
			name = Release;
		};
		2C547F242AA86626004A8C5B /* Debug */ = {
			isa = XCBuildConfiguration;
			buildSettings = {
				ASSETCATALOG_COMPILER_APPICON_NAME = AppIcon;
				ASSETCATALOG_COMPILER_GLOBAL_ACCENT_COLOR_NAME = AccentColor;
				CODE_SIGN_ENTITLEMENTS = "05-ScrollView/_5_ScrollView.entitlements";
				CODE_SIGN_STYLE = Automatic;
				COMBINE_HIDPI_IMAGES = YES;
				CURRENT_PROJECT_VERSION = 1;
				GENERATE_INFOPLIST_FILE = YES;
				INFOPLIST_KEY_NSHumanReadableCopyright = "";
				INFOPLIST_KEY_NSMainStoryboardFile = Main;
				INFOPLIST_KEY_NSPrincipalClass = NSApplication;
				LD_RUNPATH_SEARCH_PATHS = (
					"$(inherited)",
					"@executable_path/../Frameworks",
				);
				MARKETING_VERSION = 1.0;
				PRODUCT_BUNDLE_IDENTIFIER = "lingxiao.-5-ScrollView";
				PRODUCT_NAME = "$(TARGET_NAME)";
				SWIFT_EMIT_LOC_STRINGS = YES;
				SWIFT_VERSION = 5.0;
			};
			name = Debug;
		};
		2C547F252AA86626004A8C5B /* Release */ = {
			isa = XCBuildConfiguration;
			buildSettings = {
				ASSETCATALOG_COMPILER_APPICON_NAME = AppIcon;
				ASSETCATALOG_COMPILER_GLOBAL_ACCENT_COLOR_NAME = AccentColor;
				CODE_SIGN_ENTITLEMENTS = "05-ScrollView/_5_ScrollView.entitlements";
				CODE_SIGN_STYLE = Automatic;
				COMBINE_HIDPI_IMAGES = YES;
				CURRENT_PROJECT_VERSION = 1;
				GENERATE_INFOPLIST_FILE = YES;
				INFOPLIST_KEY_NSHumanReadableCopyright = "";
				INFOPLIST_KEY_NSMainStoryboardFile = Main;
				INFOPLIST_KEY_NSPrincipalClass = NSApplication;
				LD_RUNPATH_SEARCH_PATHS = (
					"$(inherited)",
					"@executable_path/../Frameworks",
				);
				MARKETING_VERSION = 1.0;
				PRODUCT_BUNDLE_IDENTIFIER = "lingxiao.-5-ScrollView";
				PRODUCT_NAME = "$(TARGET_NAME)";
				SWIFT_EMIT_LOC_STRINGS = YES;
				SWIFT_VERSION = 5.0;
			};
			name = Release;
		};
/* End XCBuildConfiguration section */

/* Begin XCConfigurationList section */
		2C547F0F2AA86624004A8C5B /* Build configuration list for PBXProject "05-ScrollView" */ = {
			isa = XCConfigurationList;
			buildConfigurations = (
				2C547F212AA86626004A8C5B /* Debug */,
				2C547F222AA86626004A8C5B /* Release */,
			);
			defaultConfigurationIsVisible = 0;
			defaultConfigurationName = Release;
		};
		2C547F232AA86626004A8C5B /* Build configuration list for PBXNativeTarget "05-ScrollView" */ = {
			isa = XCConfigurationList;
			buildConfigurations = (
				2C547F242AA86626004A8C5B /* Debug */,
				2C547F252AA86626004A8C5B /* Release */,
			);
			defaultConfigurationIsVisible = 0;
			defaultConfigurationName = Release;
		};
/* End XCConfigurationList section */
	};
	rootObject = 2C547F0C2AA86624004A8C5B /* Project object */;
}
